Microsoft Visual Studio Solution File, Format Version 12.00
# Visual Studio Version 17
VisualStudioVersion = 17.5.2.0
MinimumVisualStudioVersion = 10.0.40219.1
Project("{FAE04EC0-301F-11D3-BF4B-00C04F79EFBC}") = "LambdaPlay", "LambdaPlay.csproj", "{E02180B3-DA86-60DA-38F0-57307C8231EC}"
EndProject
Global
	GlobalSection(SolutionConfigurationPlatforms) = preSolution
		Debug|Any CPU = Debug|Any CPU
		Release|Any CPU = Release|Any CPU
	EndGlobalSection
	GlobalSection(ProjectConfigurationPlatforms) = postSolution
		{E02180B3-DA86-60DA-38F0-57307C8231EC}.Debug|Any CPU.ActiveCfg = Debug|Any CPU
		{E02180B3-DA86-60DA-38F0-57307C8231EC}.Debug|Any CPU.Build.0 = Debug|Any CPU
		{E02180B3-DA86-60DA-38F0-57307C8231EC}.Release|Any CPU.ActiveCfg = Release|Any CPU
		{E02180B3-DA86-60DA-38F0-57307C8231EC}.Release|Any CPU.Build.0 = Release|Any CPU
	EndGlobalSection
	GlobalSection(SolutionProperties) = preSolution
		HideSolutionNode = FALSE
	EndGlobalSection
	GlobalSection(ExtensibilityGlobals) = postSolution
		SolutionGuid = {E848AFE6-2745-4FA5-B25F-1A5F7D137122}
	EndGlobalSection
EndGlobal
