Microsoft Visual Studio Solution File, Format Version 12.00
# Visual Studio Version 17
VisualStudioVersion = 17.5.2.0
MinimumVisualStudioVersion = 10.0.40219.1
Project("{FAE04EC0-301F-11D3-BF4B-00C04F79EFBC}") = "FastFoodTests", "FastFoodTests.csproj", "{C9DBBF1D-EF89-172D-1152-83DB1EC85012}"
EndProject
Global
	GlobalSection(SolutionConfigurationPlatforms) = preSolution
		Debug|Any CPU = Debug|Any CPU
		Release|Any CPU = Release|Any CPU
	EndGlobalSection
	GlobalSection(ProjectConfigurationPlatforms) = postSolution
		{C9DBBF1D-EF89-172D-1152-83DB1EC85012}.Debug|Any CPU.ActiveCfg = Debug|Any CPU
		{C9DBBF1D-EF89-172D-1152-83DB1EC85012}.Debug|Any CPU.Build.0 = Debug|Any CPU
		{C9DBBF1D-EF89-172D-1152-83DB1EC85012}.Release|Any CPU.ActiveCfg = Release|Any CPU
		{C9DBBF1D-EF89-172D-1152-83DB1EC85012}.Release|Any CPU.Build.0 = Release|Any CPU
	EndGlobalSection
	GlobalSection(SolutionProperties) = preSolution
		HideSolutionNode = FALSE
	EndGlobalSection
	GlobalSection(ExtensibilityGlobals) = postSolution
		SolutionGuid = {A3364FAD-23DF-4023-AA67-6E09CE5A0FBE}
	EndGlobalSection
EndGlobal
