
Microsoft Visual Studio Solution File, Format Version 12.00
# Visual Studio Version 17
VisualStudioVersion = 17.0.31903.59
MinimumVisualStudioVersion = 10.0.40219.1
Project("{2150E333-8FDC-42A3-9474-1A3956D46DE8}") = "Model", "Model", "{62B8A37E-7066-D91A-6443-87D4E6CE63FE}"
EndProject
Project("{FAE04EC0-301F-11D3-BF4B-00C04F79EFBC}") = "MathSerice", "Model\MathSerice\MathSerice.csproj", "{DD0C9610-C763-414D-BB6F-EB3901FC604D}"
EndProject
Project("{2150E333-8FDC-42A3-9474-1A3956D46DE8}") = "Test", "Test", "{0C88DD14-F956-CE84-757C-A364CCF449FC}"
EndProject
Project("{FAE04EC0-301F-11D3-BF4B-00C04F79EFBC}") = "MathServiceTest", "Test\MathServiceTest\MathServiceTest.csproj", "{D22AD248-3DE6-486A-9E91-F49A7C97371C}"
EndProject
Global
	GlobalSection(SolutionConfigurationPlatforms) = preSolution
		Debug|Any CPU = Debug|Any CPU
		Debug|x64 = Debug|x64
		Debug|x86 = Debug|x86
		Release|Any CPU = Release|Any CPU
		Release|x64 = Release|x64
		Release|x86 = Release|x86
	EndGlobalSection
	GlobalSection(ProjectConfigurationPlatforms) = postSolution
		{DD0C9610-C763-414D-BB6F-EB3901FC604D}.Debug|Any CPU.ActiveCfg = Debug|Any CPU
		{DD0C9610-C763-414D-BB6F-EB3901FC604D}.Debug|Any CPU.Build.0 = Debug|Any CPU
		{DD0C9610-C763-414D-BB6F-EB3901FC604D}.Debug|x64.ActiveCfg = Debug|Any CPU
		{DD0C9610-C763-414D-BB6F-EB3901FC604D}.Debug|x64.Build.0 = Debug|Any CPU
		{DD0C9610-C763-414D-BB6F-EB3901FC604D}.Debug|x86.ActiveCfg = Debug|Any CPU
		{DD0C9610-C763-414D-BB6F-EB3901FC604D}.Debug|x86.Build.0 = Debug|Any CPU
		{DD0C9610-C763-414D-BB6F-EB3901FC604D}.Release|Any CPU.ActiveCfg = Release|Any CPU
		{DD0C9610-C763-414D-BB6F-EB3901FC604D}.Release|Any CPU.Build.0 = Release|Any CPU
		{DD0C9610-C763-414D-BB6F-EB3901FC604D}.Release|x64.ActiveCfg = Release|Any CPU
		{DD0C9610-C763-414D-BB6F-EB3901FC604D}.Release|x64.Build.0 = Release|Any CPU
		{DD0C9610-C763-414D-BB6F-EB3901FC604D}.Release|x86.ActiveCfg = Release|Any CPU
		{DD0C9610-C763-414D-BB6F-EB3901FC604D}.Release|x86.Build.0 = Release|Any CPU
		{D22AD248-3DE6-486A-9E91-F49A7C97371C}.Debug|Any CPU.ActiveCfg = Debug|Any CPU
		{D22AD248-3DE6-486A-9E91-F49A7C97371C}.Debug|Any CPU.Build.0 = Debug|Any CPU
		{D22AD248-3DE6-486A-9E91-F49A7C97371C}.Debug|x64.ActiveCfg = Debug|Any CPU
		{D22AD248-3DE6-486A-9E91-F49A7C97371C}.Debug|x64.Build.0 = Debug|Any CPU
		{D22AD248-3DE6-486A-9E91-F49A7C97371C}.Debug|x86.ActiveCfg = Debug|Any CPU
		{D22AD248-3DE6-486A-9E91-F49A7C97371C}.Debug|x86.Build.0 = Debug|Any CPU
		{D22AD248-3DE6-486A-9E91-F49A7C97371C}.Release|Any CPU.ActiveCfg = Release|Any CPU
		{D22AD248-3DE6-486A-9E91-F49A7C97371C}.Release|Any CPU.Build.0 = Release|Any CPU
		{D22AD248-3DE6-486A-9E91-F49A7C97371C}.Release|x64.ActiveCfg = Release|Any CPU
		{D22AD248-3DE6-486A-9E91-F49A7C97371C}.Release|x64.Build.0 = Release|Any CPU
		{D22AD248-3DE6-486A-9E91-F49A7C97371C}.Release|x86.ActiveCfg = Release|Any CPU
		{D22AD248-3DE6-486A-9E91-F49A7C97371C}.Release|x86.Build.0 = Release|Any CPU
	EndGlobalSection
	GlobalSection(SolutionProperties) = preSolution
		HideSolutionNode = FALSE
	EndGlobalSection
	GlobalSection(NestedProjects) = preSolution
		{DD0C9610-C763-414D-BB6F-EB3901FC604D} = {62B8A37E-7066-D91A-6443-87D4E6CE63FE}
		{D22AD248-3DE6-486A-9E91-F49A7C97371C} = {0C88DD14-F956-CE84-757C-A364CCF449FC}
	EndGlobalSection
EndGlobal
