Microsoft Visual Studio Solution File, Format Version 12.00
# Visual Studio Version 17
VisualStudioVersion = 17.5.2.0
MinimumVisualStudioVersion = 10.0.40219.1
Project("{FAE04EC0-301F-11D3-BF4B-00C04F79EFBC}") = "LoadManager", "LoadManager.csproj", "{7BC69C0F-D645-95E3-A5D3-EB10B43F9C73}"
EndProject
Global
	GlobalSection(SolutionConfigurationPlatforms) = preSolution
		Debug|Any CPU = Debug|Any CPU
		Release|Any CPU = Release|Any CPU
	EndGlobalSection
	GlobalSection(ProjectConfigurationPlatforms) = postSolution
		{7BC69C0F-D645-95E3-A5D3-EB10B43F9C73}.Debug|Any CPU.ActiveCfg = Debug|Any CPU
		{7BC69C0F-D645-95E3-A5D3-EB10B43F9C73}.Debug|Any CPU.Build.0 = Debug|Any CPU
		{7BC69C0F-D645-95E3-A5D3-EB10B43F9C73}.Release|Any CPU.ActiveCfg = Release|Any CPU
		{7BC69C0F-D645-95E3-A5D3-EB10B43F9C73}.Release|Any CPU.Build.0 = Release|Any CPU
	EndGlobalSection
	GlobalSection(SolutionProperties) = preSolution
		HideSolutionNode = FALSE
	EndGlobalSection
	GlobalSection(ExtensibilityGlobals) = postSolution
		SolutionGuid = {1095117C-53EB-4060-92A6-54289443C0C4}
	EndGlobalSection
EndGlobal
