Microsoft Visual Studio Solution File, Format Version 12.00
# Visual Studio Version 17
VisualStudioVersion = 17.5.2.0
MinimumVisualStudioVersion = 10.0.40219.1
Project("{FAE04EC0-301F-11D3-BF4B-00C04F79EFBC}") = "LinqExercise", "LinqExercise.csproj", "{74DFC13D-7B34-C5EC-613C-4106CB9560AD}"
EndProject
Global
	GlobalSection(SolutionConfigurationPlatforms) = preSolution
		Debug|Any CPU = Debug|Any CPU
		Release|Any CPU = Release|Any CPU
	EndGlobalSection
	GlobalSection(ProjectConfigurationPlatforms) = postSolution
		{74DFC13D-7B34-C5EC-613C-4106CB9560AD}.Debug|Any CPU.ActiveCfg = Debug|Any CPU
		{74DFC13D-7B34-C5EC-613C-4106CB9560AD}.Debug|Any CPU.Build.0 = Debug|Any CPU
		{74DFC13D-7B34-C5EC-613C-4106CB9560AD}.Release|Any CPU.ActiveCfg = Release|Any CPU
		{74DFC13D-7B34-C5EC-613C-4106CB9560AD}.Release|Any CPU.Build.0 = Release|Any CPU
	EndGlobalSection
	GlobalSection(SolutionProperties) = preSolution
		HideSolutionNode = FALSE
	EndGlobalSection
	GlobalSection(ExtensibilityGlobals) = postSolution
		SolutionGuid = {24575DEB-C964-4034-9BEF-8C166E505AB3}
	EndGlobalSection
EndGlobal
